Microsoft Visual Studio Solution File, Format Version 12.00
# Visual Studio Version 17
VisualStudioVersion = 17.5.2.0
MinimumVisualStudioVersion = 10.0.40219.1
Project("{FAE04EC0-301F-11D3-BF4B-00C04F79EFBC}") = "SkyeSpotifyRipper", "SkyeSpotifyRipper.csproj", "{6E7FC0F4-6F92-7B05-C5EB-3E86312F37E5}"
EndProject
Global
	GlobalSection(SolutionConfigurationPlatforms) = preSolution
		Debug|Any CPU = Debug|Any CPU
		Release|Any CPU = Release|Any CPU
	EndGlobalSection
	GlobalSection(ProjectConfigurationPlatforms) = postSolution
		{6E7FC0F4-6F92-7B05-C5EB-3E86312F37E5}.Debug|Any CPU.ActiveCfg = Debug|Any CPU
		{6E7FC0F4-6F92-7B05-C5EB-3E86312F37E5}.Debug|Any CPU.Build.0 = Debug|Any CPU
		{6E7FC0F4-6F92-7B05-C5EB-3E86312F37E5}.Release|Any CPU.ActiveCfg = Release|Any CPU
		{6E7FC0F4-6F92-7B05-C5EB-3E86312F37E5}.Release|Any CPU.Build.0 = Release|Any CPU
	EndGlobalSection
	GlobalSection(SolutionProperties) = preSolution
		HideSolutionNode = FALSE
	EndGlobalSection
	GlobalSection(ExtensibilityGlobals) = postSolution
		SolutionGuid = {ECB20A81-6D8A-477B-AF85-4D67B5E296DB}
	EndGlobalSection
EndGlobal
